// !$*UTF8*$!
{
	archiveVersion = 1;
	classes = {
	};
	objectVersion = 50;
	objects = {

/* Begin PBXBuildFile section */
		3F82EBE5248C35A500FDD6CC /* ComprasModel.xcdatamodeld in Sources */ = {isa = PBXBuildFile; fileRef = 3F82EBE3248C35A500FDD6CC /* ComprasModel.xcdatamodeld */; };
		3F82EBE7248C3A0300FDD6CC /* UIViewController+CoreData.swift in Sources */ = {isa = PBXBuildFile; fileRef = 3F82EBE6248C3A0300FDD6CC /* UIViewController+CoreData.swift */; };
		3F82EBE9248C429E00FDD6CC /* ProdutoViewController.swift in Sources */ = {isa = PBXBuildFile; fileRef = 3F82EBE8248C429E00FDD6CC /* ProdutoViewController.swift */; };
		3FEB5E742489D09E00C58B83 /* AppDelegate.swift in Sources */ = {isa = PBXBuildFile; fileRef = 3FEB5E732489D09E00C58B83 /* AppDelegate.swift */; };
		3FEB5E762489D09E00C58B83 /* SceneDelegate.swift in Sources */ = {isa = PBXBuildFile; fileRef = 3FEB5E752489D09E00C58B83 /* SceneDelegate.swift */; };
		3FEB5E782489D09E00C58B83 /* ViewController.swift in Sources */ = {isa = PBXBuildFile; fileRef = 3FEB5E772489D09E00C58B83 /* ViewController.swift */; };
		3FEB5E7B2489D09E00C58B83 /* Main.storyboard in Resources */ = {isa = PBXBuildFile; fileRef = 3FEB5E792489D09E00C58B83 /* Main.storyboard */; };
		3FEB5E802489D0A000C58B83 /* Assets.xcassets in Resources */ = {isa = PBXBuildFile; fileRef = 3FEB5E7F2489D0A000C58B83 /* Assets.xcassets */; };
		3FEB5E832489D0A000C58B83 /* LaunchScreen.storyboard in Resources */ = {isa = PBXBuildFile; fileRef = 3FEB5E812489D0A000C58B83 /* LaunchScreen.storyboard */; };
		3FEB5E8B2489D27600C58B83 /* ComprasTableViewController.swift in Sources */ = {isa = PBXBuildFile; fileRef = 3FEB5E8A2489D27600C58B83 /* ComprasTableViewController.swift */; };
		43DEB4A1248C22870067EA5E /* TotalViewController.swift in Sources */ = {isa = PBXBuildFile; fileRef = 43DEB4A0248C22870067EA5E /* TotalViewController.swift */; };
/* End PBXBuildFile section */

/* Begin PBXFileReference section */
		3F82EBE4248C35A500FDD6CC /* ComprasModel.xcdatamodel */ = {isa = PBXFileReference; lastKnownFileType = wrapper.xcdatamodel; path = ComprasModel.xcdatamodel; sourceTree = "<group>"; };
		3F82EBE6248C3A0300FDD6CC /* UIViewController+CoreData.swift */ = {isa = PBXFileReference; lastKnownFileType = sourcecode.swift; path = "UIViewController+CoreData.swift"; sourceTree = "<group>"; };
		3F82EBE8248C429E00FDD6CC /* ProdutoViewController.swift */ = {isa = PBXFileReference; lastKnownFileType = sourcecode.swift; path = ProdutoViewController.swift; sourceTree = "<group>"; };
		3FEB5E702489D09E00C58B83 /* ComprasUSA.app */ = {isa = PBXFileReference; explicitFileType = wrapper.application; includeInIndex = 0; path = ComprasUSA.app; sourceTree = BUILT_PRODUCTS_DIR; };
		3FEB5E732489D09E00C58B83 /* AppDelegate.swift */ = {isa = PBXFileReference; lastKnownFileType = sourcecode.swift; path = AppDelegate.swift; sourceTree = "<group>"; };
		3FEB5E752489D09E00C58B83 /* SceneDelegate.swift */ = {isa = PBXFileReference; lastKnownFileType = sourcecode.swift; path = SceneDelegate.swift; sourceTree = "<group>"; };
		3FEB5E772489D09E00C58B83 /* ViewController.swift */ = {isa = PBXFileReference; lastKnownFileType = sourcecode.swift; path = ViewController.swift; sourceTree = "<group>"; };
		3FEB5E7A2489D09E00C58B83 /* Base */ = {isa = PBXFileReference; lastKnownFileType = file.storyboard; name = Base; path = Base.lproj/Main.storyboard; sourceTree = "<group>"; };
		3FEB5E7F2489D0A000C58B83 /* Assets.xcassets */ = {isa = PBXFileReference; lastKnownFileType = folder.assetcatalog; path = Assets.xcassets; sourceTree = "<group>"; };
		3FEB5E822489D0A000C58B83 /* Base */ = {isa = PBXFileReference; lastKnownFileType = file.storyboard; name = Base; path = Base.lproj/LaunchScreen.storyboard; sourceTree = "<group>"; };
		3FEB5E842489D0A000C58B83 /* Info.plist */ = {isa = PBXFileReference; lastKnownFileType = text.plist.xml; path = Info.plist; sourceTree = "<group>"; };
		3FEB5E8A2489D27600C58B83 /* ComprasTableViewController.swift */ = {isa = PBXFileReference; lastKnownFileType = sourcecode.swift; path = ComprasTableViewController.swift; sourceTree = "<group>"; };
		43DEB4A0248C22870067EA5E /* TotalViewController.swift */ = {isa = PBXFileReference; lastKnownFileType = sourcecode.swift; path = TotalViewController.swift; sourceTree = "<group>"; };
/* End PBXFileReference section */

/* Begin PBXFrameworksBuildPhase section */
		3FEB5E6D2489D09E00C58B83 /* Frameworks */ = {
			isa = PBXFrameworksBuildPhase;
			buildActionMask = 2147483647;
			files = (
			);
			runOnlyForDeploymentPostprocessing = 0;
		};
/* End PBXFrameworksBuildPhase section */

/* Begin PBXGroup section */
		3FEB5E672489D09E00C58B83 = {
			isa = PBXGroup;
			children = (
				3FEB5E722489D09E00C58B83 /* ComprasUSA */,
				3FEB5E712489D09E00C58B83 /* Products */,
			);
			sourceTree = "<group>";
		};
		3FEB5E712489D09E00C58B83 /* Products */ = {
			isa = PBXGroup;
			children = (
				3FEB5E702489D09E00C58B83 /* ComprasUSA.app */,
			);
			name = Products;
			sourceTree = "<group>";
		};
		3FEB5E722489D09E00C58B83 /* ComprasUSA */ = {
			isa = PBXGroup;
			children = (
				3FEB5E732489D09E00C58B83 /* AppDelegate.swift */,
				3F82EBE6248C3A0300FDD6CC /* UIViewController+CoreData.swift */,
				3FEB5E752489D09E00C58B83 /* SceneDelegate.swift */,
				3FEB5E772489D09E00C58B83 /* ViewController.swift */,
				3F82EBE8248C429E00FDD6CC /* ProdutoViewController.swift */,
				3FEB5E792489D09E00C58B83 /* Main.storyboard */,
				3F82EBE3248C35A500FDD6CC /* ComprasModel.xcdatamodeld */,
				3FEB5E8A2489D27600C58B83 /* ComprasTableViewController.swift */,
				3FEB5E7F2489D0A000C58B83 /* Assets.xcassets */,
				3FEB5E812489D0A000C58B83 /* LaunchScreen.storyboard */,
				3FEB5E842489D0A000C58B83 /* Info.plist */,
				43DEB4A0248C22870067EA5E /* TotalViewController.swift */,
			);
			path = ComprasUSA;
			sourceTree = "<group>";
		};
/* End PBXGroup section */

/* Begin PBXNativeTarget section */
		3FEB5E6F2489D09E00C58B83 /* ComprasUSA */ = {
			isa = PBXNativeTarget;
			buildConfigurationList = 3FEB5E872489D0A000C58B83 /* Build configuration list for PBXNativeTarget "ComprasUSA" */;
			buildPhases = (
				3FEB5E6C2489D09E00C58B83 /* Sources */,
				3FEB5E6D2489D09E00C58B83 /* Frameworks */,
				3FEB5E6E2489D09E00C58B83 /* Resources */,
			);
			buildRules = (
			);
			dependencies = (
			);
			name = ComprasUSA;
			productName = ComprasUSA;
			productReference = 3FEB5E702489D09E00C58B83 /* ComprasUSA.app */;
			productType = "com.apple.product-type.application";
		};
/* End PBXNativeTarget section */

/* Begin PBXProject section */
		3FEB5E682489D09E00C58B83 /* Project object */ = {
			isa = PBXProject;
			attributes = {
				LastSwiftUpdateCheck = 1130;
				LastUpgradeCheck = 1130;
				ORGANIZATIONNAME = FIAP;
				TargetAttributes = {
					3FEB5E6F2489D09E00C58B83 = {
						CreatedOnToolsVersion = 11.3.1;
					};
				};
			};
			buildConfigurationList = 3FEB5E6B2489D09E00C58B83 /* Build configuration list for PBXProject "ComprasUSA" */;
			compatibilityVersion = "Xcode 9.3";
			developmentRegion = en;
			hasScannedForEncodings = 0;
			knownRegions = (
				en,
				Base,
			);
			mainGroup = 3FEB5E672489D09E00C58B83;
			productRefGroup = 3FEB5E712489D09E00C58B83 /* Products */;
			projectDirPath = "";
			projectRoot = "";
			targets = (
				3FEB5E6F2489D09E00C58B83 /* ComprasUSA */,
			);
		};
/* End PBXProject section */

/* Begin PBXResourcesBuildPhase section */
		3FEB5E6E2489D09E00C58B83 /* Resources */ = {
			isa = PBXResourcesBuildPhase;
			buildActionMask = 2147483647;
			files = (
				3FEB5E832489D0A000C58B83 /* LaunchScreen.storyboard in Resources */,
				3FEB5E802489D0A000C58B83 /* Assets.xcassets in Resources */,
				3FEB5E7B2489D09E00C58B83 /* Main.storyboard in Resources */,
			);
			runOnlyForDeploymentPostprocessing = 0;
		};
/* End PBXResourcesBuildPhase section */

/* Begin PBXSourcesBuildPhase section */
		3FEB5E6C2489D09E00C58B83 /* Sources */ = {
			isa = PBXSourcesBuildPhase;
			buildActionMask = 2147483647;
			files = (
				3F82EBE5248C35A500FDD6CC /* ComprasModel.xcdatamodeld in Sources */,
				3FEB5E782489D09E00C58B83 /* ViewController.swift in Sources */,
				3FEB5E742489D09E00C58B83 /* AppDelegate.swift in Sources */,
				3FEB5E762489D09E00C58B83 /* SceneDelegate.swift in Sources */,
				3F82EBE7248C3A0300FDD6CC /* UIViewController+CoreData.swift in Sources */,
				3FEB5E8B2489D27600C58B83 /* ComprasTableViewController.swift in Sources */,
				43DEB4A1248C22870067EA5E /* TotalViewController.swift in Sources */,
			);
			runOnlyForDeploymentPostprocessing = 0;
		};
/* End PBXSourcesBuildPhase section */

/* Begin PBXVariantGroup section */
		3FEB5E792489D09E00C58B83 /* Main.storyboard */ = {
			isa = PBXVariantGroup;
			children = (
				3FEB5E7A2489D09E00C58B83 /* Base */,
			);
			name = Main.storyboard;
			sourceTree = "<group>";
		};
		3FEB5E812489D0A000C58B83 /* LaunchScreen.storyboard */ = {
			isa = PBXVariantGroup;
			children = (
				3FEB5E822489D0A000C58B83 /* Base */,
			);
			name = LaunchScreen.storyboard;
			sourceTree = "<group>";
		};
/* End PBXVariantGroup section */

/* Begin XCBuildConfiguration section */
		3FEB5E852489D0A000C58B83 /* Debug */ = {
			isa = XCBuildConfiguration;
			buildSettings = {
				ALWAYS_SEARCH_USER_PATHS = NO;
				CLANG_ANALYZER_NONNULL = YES;
				CLANG_ANALYZER_NUMBER_OBJECT_CONVERSION = YES_AGGRESSIVE;
				CLANG_CXX_LANGUAGE_STANDARD = "gnu++14";
				CLANG_CXX_LIBRARY = "libc++";
				CLANG_ENABLE_MODULES = YES;
				CLANG_ENABLE_OBJC_ARC = YES;
				CLANG_ENABLE_OBJC_WEAK = YES;
				CLANG_WARN_BLOCK_CAPTURE_AUTORELEASING = YES;
				CLANG_WARN_BOOL_CONVERSION = YES;
				CLANG_WARN_COMMA = YES;
				CLANG_WARN_CONSTANT_CONVERSION = YES;
				CLANG_WARN_DEPRECATED_OBJC_IMPLEMENTATIONS = YES;
				CLANG_WARN_DIRECT_OBJC_ISA_USAGE = YES_ERROR;
				CLANG_WARN_DOCUMENTATION_COMMENTS = YES;
				CLANG_WARN_EMPTY_BODY = YES;
				CLANG_WARN_ENUM_CONVERSION = YES;
				CLANG_WARN_INFINITE_RECURSION = YES;
				CLANG_WARN_INT_CONVERSION = YES;
				CLANG_WARN_NON_LITERAL_NULL_CONVERSION = YES;
				CLANG_WARN_OBJC_IMPLICIT_RETAIN_SELF = YES;
				CLANG_WARN_OBJC_LITERAL_CONVERSION = YES;
				CLANG_WARN_OBJC_ROOT_CLASS = YES_ERROR;
				CLANG_WARN_RANGE_LOOP_ANALYSIS = YES;
				CLANG_WARN_STRICT_PROTOTYPES = YES;
				CLANG_WARN_SUSPICIOUS_MOVE = YES;
				CLANG_WARN_UNGUARDED_AVAILABILITY = YES_AGGRESSIVE;
				CLANG_WARN_UNREACHABLE_CODE = YES;
				CLANG_WARN__DUPLICATE_METHOD_MATCH = YES;
				COPY_PHASE_STRIP = NO;
				DEBUG_INFORMATION_FORMAT = dwarf;
				ENABLE_STRICT_OBJC_MSGSEND = YES;
				ENABLE_TESTABILITY = YES;
				GCC_C_LANGUAGE_STANDARD = gnu11;
				GCC_DYNAMIC_NO_PIC = NO;
				GCC_NO_COMMON_BLOCKS = YES;
				GCC_OPTIMIZATION_LEVEL = 0;
				GCC_PREPROCESSOR_DEFINITIONS = (
					"DEBUG=1",
					"$(inherited)",
				);
				GCC_WARN_64_TO_32_BIT_CONVERSION = YES;
				GCC_WARN_ABOUT_RETURN_TYPE = YES_ERROR;
				GCC_WARN_UNDECLARED_SELECTOR = YES;
				GCC_WARN_UNINITIALIZED_AUTOS = YES_AGGRESSIVE;
				GCC_WARN_UNUSED_FUNCTION = YES;
				GCC_WARN_UNUSED_VARIABLE = YES;
				IPHONEOS_DEPLOYMENT_TARGET = 13.2;
				MTL_ENABLE_DEBUG_INFO = INCLUDE_SOURCE;
				MTL_FAST_MATH = YES;
				ONLY_ACTIVE_ARCH = YES;
				SDKROOT = iphoneos;
				SWIFT_ACTIVE_COMPILATION_CONDITIONS = DEBUG;
				SWIFT_OPTIMIZATION_LEVEL = "-Onone";
			};
			name = Debug;
		};
		3FEB5E862489D0A000C58B83 /* Release */ = {
			isa = XCBuildConfiguration;
			buildSettings = {
				ALWAYS_SEARCH_USER_PATHS = NO;
				CLANG_ANALYZER_NONNULL = YES;
				CLANG_ANALYZER_NUMBER_OBJECT_CONVERSION = YES_AGGRESSIVE;
				CLANG_CXX_LANGUAGE_STANDARD = "gnu++14";
				CLANG_CXX_LIBRARY = "libc++";
				CLANG_ENABLE_MODULES = YES;
				CLANG_ENABLE_OBJC_ARC = YES;
				CLANG_ENABLE_OBJC_WEAK = YES;
				CLANG_WARN_BLOCK_CAPTURE_AUTORELEASING = YES;
				CLANG_WARN_BOOL_CONVERSION = YES;
				CLANG_WARN_COMMA = YES;
				CLANG_WARN_CONSTANT_CONVERSION = YES;
				CLANG_WARN_DEPRECATED_OBJC_IMPLEMENTATIONS = YES;
				CLANG_WARN_DIRECT_OBJC_ISA_USAGE = YES_ERROR;
				CLANG_WARN_DOCUMENTATION_COMMENTS = YES;
				CLANG_WARN_EMPTY_BODY = YES;
				CLANG_WARN_ENUM_CONVERSION = YES;
				CLANG_WARN_INFINITE_RECURSION = YES;
				CLANG_WARN_INT_CONVERSION = YES;
				CLANG_WARN_NON_LITERAL_NULL_CONVERSION = YES;
				CLANG_WARN_OBJC_IMPLICIT_RETAIN_SELF = YES;
				CLANG_WARN_OBJC_LITERAL_CONVERSION = YES;
				CLANG_WARN_OBJC_ROOT_CLASS = YES_ERROR;
				CLANG_WARN_RANGE_LOOP_ANALYSIS = YES;
				CLANG_WARN_STRICT_PROTOTYPES = YES;
				CLANG_WARN_SUSPICIOUS_MOVE = YES;
				CLANG_WARN_UNGUARDED_AVAILABILITY = YES_AGGRESSIVE;
				CLANG_WARN_UNREACHABLE_CODE = YES;
				CLANG_WARN__DUPLICATE_METHOD_MATCH = YES;
				COPY_PHASE_STRIP = NO;
				DEBUG_INFORMATION_FORMAT = "dwarf-with-dsym";
				ENABLE_NS_ASSERTIONS = NO;
				ENABLE_STRICT_OBJC_MSGSEND = YES;
				GCC_C_LANGUAGE_STANDARD = gnu11;
				GCC_NO_COMMON_BLOCKS = YES;
				GCC_WARN_64_TO_32_BIT_CONVERSION = YES;
				GCC_WARN_ABOUT_RETURN_TYPE = YES_ERROR;
				GCC_WARN_UNDECLARED_SELECTOR = YES;
				GCC_WARN_UNINITIALIZED_AUTOS = YES_AGGRESSIVE;
				GCC_WARN_UNUSED_FUNCTION = YES;
				GCC_WARN_UNUSED_VARIABLE = YES;
				IPHONEOS_DEPLOYMENT_TARGET = 13.2;
				MTL_ENABLE_DEBUG_INFO = NO;
				MTL_FAST_MATH = YES;
				SDKROOT = iphoneos;
				SWIFT_COMPILATION_MODE = wholemodule;
				SWIFT_OPTIMIZATION_LEVEL = "-O";
				VALIDATE_PRODUCT = YES;
			};
			name = Release;
		};
		3FEB5E882489D0A000C58B83 /* Debug */ = {
			isa = XCBuildConfiguration;
			buildSettings = {
				ASSETCATALOG_COMPILER_APPICON_NAME = AppIcon;
				CODE_SIGN_STYLE = Automatic;
				INFOPLIST_FILE = ComprasUSA/Info.plist;
				LD_RUNPATH_SEARCH_PATHS = (
					"$(inherited)",
					"@executable_path/Frameworks",
				);
				PRODUCT_BUNDLE_IDENTIFIER = br.com.fiap.ComprasUSA;
				PRODUCT_NAME = "$(TARGET_NAME)";
				SWIFT_VERSION = 5.0;
				TARGETED_DEVICE_FAMILY = 1;
			};
			name = Debug;
		};
		3FEB5E892489D0A000C58B83 /* Release */ = {
			isa = XCBuildConfiguration;
			buildSettings = {
				ASSETCATALOG_COMPILER_APPICON_NAME = AppIcon;
				CODE_SIGN_STYLE = Automatic;
				INFOPLIST_FILE = ComprasUSA/Info.plist;
				LD_RUNPATH_SEARCH_PATHS = (
					"$(inherited)",
					"@executable_path/Frameworks",
				);
				PRODUCT_BUNDLE_IDENTIFIER = br.com.fiap.ComprasUSA;
				PRODUCT_NAME = "$(TARGET_NAME)";
				SWIFT_VERSION = 5.0;
				TARGETED_DEVICE_FAMILY = 1;
			};
			name = Release;
		};
/* End XCBuildConfiguration section */

/* Begin XCConfigurationList section */
		3FEB5E6B2489D09E00C58B83 /* Build configuration list for PBXProject "ComprasUSA" */ = {
			isa = XCConfigurationList;
			buildConfigurations = (
				3FEB5E852489D0A000C58B83 /* Debug */,
				3FEB5E862489D0A000C58B83 /* Release */,
			);
			defaultConfigurationIsVisible = 0;
			defaultConfigurationName = Release;
		};
		3FEB5E872489D0A000C58B83 /* Build configuration list for PBXNativeTarget "ComprasUSA" */ = {
			isa = XCConfigurationList;
			buildConfigurations = (
				3FEB5E882489D0A000C58B83 /* Debug */,
				3FEB5E892489D0A000C58B83 /* Release */,
			);
			defaultConfigurationIsVisible = 0;
			defaultConfigurationName = Release;
		};
/* End XCConfigurationList section */

/* Begin XCVersionGroup section */
		3F82EBE3248C35A500FDD6CC /* ComprasModel.xcdatamodeld */ = {
			isa = XCVersionGroup;
			children = (
				3F82EBE4248C35A500FDD6CC /* ComprasModel.xcdatamodel */,
			);
			currentVersion = 3F82EBE4248C35A500FDD6CC /* ComprasModel.xcdatamodel */;
			path = ComprasModel.xcdatamodeld;
			sourceTree = "<group>";
			versionGroupType = wrapper.xcdatamodel;
		};
/* End XCVersionGroup section */
	};
	rootObject = 3FEB5E682489D09E00C58B83 /* Project object */;
}
